
Microsoft Visual Studio Solution File, Format Version 12.00
# Visual Studio 15
VisualStudioVersion = 15.0.27130.2010
MinimumVisualStudioVersion = 10.0.40219.1
Project("{9A19103F-16F7-4668-BE54-9A1E7A4F7556}") = "MyAssetManagementSystem", "MyAssetManagementSystem\MyAssetManagementSystem.csproj", "{209BE838-B409-4EB7-9895-7D417BE15E27}"
EndProject
Project("{9A19103F-16F7-4668-BE54-9A1E7A4F7556}") = "MyAssetData", "AssetData\MyAssetData.csproj", "{41FC3AD1-9943-4590-8938-8C32678FB5DA}"
EndProject
Project("{FAE04EC0-301F-11D3-BF4B-00C04F79EFBC}") = "AssetServices", "AssetServices\AssetServices.csproj", "{30BCA958-5096-45AE-B653-B57815A56680}"
EndProject
Global
	GlobalSection(SolutionConfigurationPlatforms) = preSolution
		Debug|Any CPU = Debug|Any CPU
		Release|Any CPU = Release|Any CPU
	EndGlobalSection
	GlobalSection(ProjectConfigurationPlatforms) = postSolution
		{209BE838-B409-4EB7-9895-7D417BE15E27}.Debug|Any CPU.ActiveCfg = Debug|Any CPU
		{209BE838-B409-4EB7-9895-7D417BE15E27}.Debug|Any CPU.Build.0 = Debug|Any CPU
		{209BE838-B409-4EB7-9895-7D417BE15E27}.Release|Any CPU.ActiveCfg = Release|Any CPU
		{209BE838-B409-4EB7-9895-7D417BE15E27}.Release|Any CPU.Build.0 = Release|Any CPU
		{41FC3AD1-9943-4590-8938-8C32678FB5DA}.Debug|Any CPU.ActiveCfg = Debug|Any CPU
		{41FC3AD1-9943-4590-8938-8C32678FB5DA}.Debug|Any CPU.Build.0 = Debug|Any CPU
		{41FC3AD1-9943-4590-8938-8C32678FB5DA}.Release|Any CPU.ActiveCfg = Release|Any CPU
		{41FC3AD1-9943-4590-8938-8C32678FB5DA}.Release|Any CPU.Build.0 = Release|Any CPU
		{30BCA958-5096-45AE-B653-B57815A56680}.Debug|Any CPU.ActiveCfg = Debug|Any CPU
		{30BCA958-5096-45AE-B653-B57815A56680}.Debug|Any CPU.Build.0 = Debug|Any CPU
		{30BCA958-5096-45AE-B653-B57815A56680}.Release|Any CPU.ActiveCfg = Release|Any CPU
		{30BCA958-5096-45AE-B653-B57815A56680}.Release|Any CPU.Build.0 = Release|Any CPU
	EndGlobalSection
	GlobalSection(SolutionProperties) = preSolution
		HideSolutionNode = FALSE
	EndGlobalSection
	GlobalSection(ExtensibilityGlobals) = postSolution
		SolutionGuid = {288A8D24-5A4B-4E35-8227-79136263B57D}
	EndGlobalSection
EndGlobal
